
Microsoft Visual Studio Solution File, Format Version 12.00
# Visual Studio Version 17
VisualStudioVersion = 17.8.34330.188
MinimumVisualStudioVersion = 10.0.40219.1
Project("{FAE04EC0-301F-11D3-BF4B-00C04F79EFBC}") = "TravelWebProject.web", "TravelWebProject.web\TravelWebProject.web.csproj", "{DEF27F06-EA62-430F-B31F-933A83D6A5B8}"
EndProject
Project("{FAE04EC0-301F-11D3-BF4B-00C04F79EFBC}") = "BusinessObject", "BusinessObject\BusinessObject.csproj", "{167ABB1B-FCE7-44BD-BBE8-C2E03A1E3396}"
EndProject
Project("{FAE04EC0-301F-11D3-BF4B-00C04F79EFBC}") = "DAO", "DAO\DAO.csproj", "{7BC3AAED-63DE-48C9-943E-FA2F5D51DAA1}"
EndProject
Project("{FAE04EC0-301F-11D3-BF4B-00C04F79EFBC}") = "TravelWebProject.repo", "TravelWebProject.repo\TravelWebProject.repo.csproj", "{5F4C94C9-B1D6-493A-A82C-F52C474119EF}"
EndProject
Project("{FAE04EC0-301F-11D3-BF4B-00C04F79EFBC}") = "TravelWebProject.service", "TravelWebProject.service\TravelWebProject.service.csproj", "{29F471CB-AFA4-49BA-94AF-0D349046E6E7}"
EndProject
Global
	GlobalSection(SolutionConfigurationPlatforms) = preSolution
		Debug|Any CPU = Debug|Any CPU
		Release|Any CPU = Release|Any CPU
	EndGlobalSection
	GlobalSection(ProjectConfigurationPlatforms) = postSolution
		{DEF27F06-EA62-430F-B31F-933A83D6A5B8}.Debug|Any CPU.ActiveCfg = Debug|Any CPU
		{DEF27F06-EA62-430F-B31F-933A83D6A5B8}.Debug|Any CPU.Build.0 = Debug|Any CPU
		{DEF27F06-EA62-430F-B31F-933A83D6A5B8}.Release|Any CPU.ActiveCfg = Release|Any CPU
		{DEF27F06-EA62-430F-B31F-933A83D6A5B8}.Release|Any CPU.Build.0 = Release|Any CPU
		{167ABB1B-FCE7-44BD-BBE8-C2E03A1E3396}.Debug|Any CPU.ActiveCfg = Debug|Any CPU
		{167ABB1B-FCE7-44BD-BBE8-C2E03A1E3396}.Debug|Any CPU.Build.0 = Debug|Any CPU
		{167ABB1B-FCE7-44BD-BBE8-C2E03A1E3396}.Release|Any CPU.ActiveCfg = Release|Any CPU
		{167ABB1B-FCE7-44BD-BBE8-C2E03A1E3396}.Release|Any CPU.Build.0 = Release|Any CPU
		{7BC3AAED-63DE-48C9-943E-FA2F5D51DAA1}.Debug|Any CPU.ActiveCfg = Debug|Any CPU
		{7BC3AAED-63DE-48C9-943E-FA2F5D51DAA1}.Debug|Any CPU.Build.0 = Debug|Any CPU
		{7BC3AAED-63DE-48C9-943E-FA2F5D51DAA1}.Release|Any CPU.ActiveCfg = Release|Any CPU
		{7BC3AAED-63DE-48C9-943E-FA2F5D51DAA1}.Release|Any CPU.Build.0 = Release|Any CPU
		{5F4C94C9-B1D6-493A-A82C-F52C474119EF}.Debug|Any CPU.ActiveCfg = Debug|Any CPU
		{5F4C94C9-B1D6-493A-A82C-F52C474119EF}.Debug|Any CPU.Build.0 = Debug|Any CPU
		{5F4C94C9-B1D6-493A-A82C-F52C474119EF}.Release|Any CPU.ActiveCfg = Release|Any CPU
		{5F4C94C9-B1D6-493A-A82C-F52C474119EF}.Release|Any CPU.Build.0 = Release|Any CPU
		{29F471CB-AFA4-49BA-94AF-0D349046E6E7}.Debug|Any CPU.ActiveCfg = Debug|Any CPU
		{29F471CB-AFA4-49BA-94AF-0D349046E6E7}.Debug|Any CPU.Build.0 = Debug|Any CPU
		{29F471CB-AFA4-49BA-94AF-0D349046E6E7}.Release|Any CPU.ActiveCfg = Release|Any CPU
		{29F471CB-AFA4-49BA-94AF-0D349046E6E7}.Release|Any CPU.Build.0 = Release|Any CPU
	EndGlobalSection
	GlobalSection(SolutionProperties) = preSolution
		HideSolutionNode = FALSE
	EndGlobalSection
	GlobalSection(ExtensibilityGlobals) = postSolution
		SolutionGuid = {874446B0-8ACF-4DE9-B0A3-BA669C3EE9B7}
	EndGlobalSection
EndGlobal
