
Microsoft Visual Studio Solution File, Format Version 12.00
# Visual Studio Version 17
VisualStudioVersion = 17.8.34330.188
MinimumVisualStudioVersion = 10.0.40219.1
Project("{FAE04EC0-301F-11D3-BF4B-00C04F79EFBC}") = "FUCarRentingSystem", "FUCarRentingSystem\FUCarRentingSystem.csproj", "{FCC3606C-241F-467F-990C-B87D9DCBC276}"
EndProject
Project("{FAE04EC0-301F-11D3-BF4B-00C04F79EFBC}") = "BusinessObject", "BusinessObject\BusinessObject.csproj", "{0FC17AD3-128C-40C5-ADF8-4BA095B541AF}"
EndProject
Project("{FAE04EC0-301F-11D3-BF4B-00C04F79EFBC}") = "DAO", "DAO\DAO.csproj", "{B0231FC2-0649-482A-B71D-256B40E3E951}"
EndProject
Project("{FAE04EC0-301F-11D3-BF4B-00C04F79EFBC}") = "Repository", "Repository\Repository.csproj", "{76710394-A1BC-4F0E-9436-308EAA053CA3}"
EndProject
Project("{FAE04EC0-301F-11D3-BF4B-00C04F79EFBC}") = "Services", "Services\Services.csproj", "{F9208CEF-D09D-4DD3-8776-E72A289D14C8}"
EndProject
Global
	GlobalSection(SolutionConfigurationPlatforms) = preSolution
		Debug|Any CPU = Debug|Any CPU
		Release|Any CPU = Release|Any CPU
	EndGlobalSection
	GlobalSection(ProjectConfigurationPlatforms) = postSolution
		{FCC3606C-241F-467F-990C-B87D9DCBC276}.Debug|Any CPU.ActiveCfg = Debug|Any CPU
		{FCC3606C-241F-467F-990C-B87D9DCBC276}.Debug|Any CPU.Build.0 = Debug|Any CPU
		{FCC3606C-241F-467F-990C-B87D9DCBC276}.Release|Any CPU.ActiveCfg = Release|Any CPU
		{FCC3606C-241F-467F-990C-B87D9DCBC276}.Release|Any CPU.Build.0 = Release|Any CPU
		{0FC17AD3-128C-40C5-ADF8-4BA095B541AF}.Debug|Any CPU.ActiveCfg = Debug|Any CPU
		{0FC17AD3-128C-40C5-ADF8-4BA095B541AF}.Debug|Any CPU.Build.0 = Debug|Any CPU
		{0FC17AD3-128C-40C5-ADF8-4BA095B541AF}.Release|Any CPU.ActiveCfg = Release|Any CPU
		{0FC17AD3-128C-40C5-ADF8-4BA095B541AF}.Release|Any CPU.Build.0 = Release|Any CPU
		{B0231FC2-0649-482A-B71D-256B40E3E951}.Debug|Any CPU.ActiveCfg = Debug|Any CPU
		{B0231FC2-0649-482A-B71D-256B40E3E951}.Debug|Any CPU.Build.0 = Debug|Any CPU
		{B0231FC2-0649-482A-B71D-256B40E3E951}.Release|Any CPU.ActiveCfg = Release|Any CPU
		{B0231FC2-0649-482A-B71D-256B40E3E951}.Release|Any CPU.Build.0 = Release|Any CPU
		{76710394-A1BC-4F0E-9436-308EAA053CA3}.Debug|Any CPU.ActiveCfg = Debug|Any CPU
		{76710394-A1BC-4F0E-9436-308EAA053CA3}.Debug|Any CPU.Build.0 = Debug|Any CPU
		{76710394-A1BC-4F0E-9436-308EAA053CA3}.Release|Any CPU.ActiveCfg = Release|Any CPU
		{76710394-A1BC-4F0E-9436-308EAA053CA3}.Release|Any CPU.Build.0 = Release|Any CPU
		{F9208CEF-D09D-4DD3-8776-E72A289D14C8}.Debug|Any CPU.ActiveCfg = Debug|Any CPU
		{F9208CEF-D09D-4DD3-8776-E72A289D14C8}.Debug|Any CPU.Build.0 = Debug|Any CPU
		{F9208CEF-D09D-4DD3-8776-E72A289D14C8}.Release|Any CPU.ActiveCfg = Release|Any CPU
		{F9208CEF-D09D-4DD3-8776-E72A289D14C8}.Release|Any CPU.Build.0 = Release|Any CPU
	EndGlobalSection
	GlobalSection(SolutionProperties) = preSolution
		HideSolutionNode = FALSE
	EndGlobalSection
	GlobalSection(ExtensibilityGlobals) = postSolution
		SolutionGuid = {2ADCF390-8B1F-4665-A0FE-E7BAF59A404F}
	EndGlobalSection
EndGlobal
